
Microsoft Visual Studio Solution File, Format Version 12.00
# Visual Studio Version 17
VisualStudioVersion = 17.0.31903.59
MinimumVisualStudioVersion = 10.0.40219.1
Project("{FAE04EC0-301F-11D3-BF4B-00C04F79EFBC}") = "ResiGa.Bkd.Api", "ResiGa.Bkd.Api\ResiGa.Bkd.Api.csproj", "{ECABC86F-CAD6-4BB4-A3CC-19A0F6DA0302}"
EndProject
Project("{FAE04EC0-301F-11D3-BF4B-00C04F79EFBC}") = "ResiGa.Bkd.IoC", "ResiGa.Bkd.IoC\ResiGa.Bkd.IoC.csproj", "{362B85FF-603D-4DAA-AAA6-5564C9C2478F}"
EndProject
Project("{FAE04EC0-301F-11D3-BF4B-00C04F79EFBC}") = "ResiGa.Bkd.Infra", "ResiGa.Bkd.Infra\ResiGa.Bkd.Infra.csproj", "{70AFB23D-553A-4861-BBDF-9C5C3EE4C918}"
EndProject
Project("{FAE04EC0-301F-11D3-BF4B-00C04F79EFBC}") = "ResiGa.Bkd.Domain", "ResiGa.Bkd.Domain\ResiGa.Bkd.Domain.csproj", "{62F4258B-5AE8-4309-AADF-D6ACF3C381A6}"
EndProject
Project("{FAE04EC0-301F-11D3-BF4B-00C04F79EFBC}") = "ResiGa.Bkd.Service", "ResiGa.Bkd.Service\ResiGa.Bkd.Service.csproj", "{AB8A043A-33FC-4D99-AB58-D0F16A66895A}"
EndProject
Global
	GlobalSection(SolutionConfigurationPlatforms) = preSolution
		Debug|Any CPU = Debug|Any CPU
		Debug|x64 = Debug|x64
		Debug|x86 = Debug|x86
		Release|Any CPU = Release|Any CPU
		Release|x64 = Release|x64
		Release|x86 = Release|x86
	EndGlobalSection
	GlobalSection(ProjectConfigurationPlatforms) = postSolution
		{ECABC86F-CAD6-4BB4-A3CC-19A0F6DA0302}.Debug|Any CPU.ActiveCfg = Debug|Any CPU
		{ECABC86F-CAD6-4BB4-A3CC-19A0F6DA0302}.Debug|Any CPU.Build.0 = Debug|Any CPU
		{ECABC86F-CAD6-4BB4-A3CC-19A0F6DA0302}.Debug|x64.ActiveCfg = Debug|Any CPU
		{ECABC86F-CAD6-4BB4-A3CC-19A0F6DA0302}.Debug|x64.Build.0 = Debug|Any CPU
		{ECABC86F-CAD6-4BB4-A3CC-19A0F6DA0302}.Debug|x86.ActiveCfg = Debug|Any CPU
		{ECABC86F-CAD6-4BB4-A3CC-19A0F6DA0302}.Debug|x86.Build.0 = Debug|Any CPU
		{ECABC86F-CAD6-4BB4-A3CC-19A0F6DA0302}.Release|Any CPU.ActiveCfg = Release|Any CPU
		{ECABC86F-CAD6-4BB4-A3CC-19A0F6DA0302}.Release|Any CPU.Build.0 = Release|Any CPU
		{ECABC86F-CAD6-4BB4-A3CC-19A0F6DA0302}.Release|x64.ActiveCfg = Release|Any CPU
		{ECABC86F-CAD6-4BB4-A3CC-19A0F6DA0302}.Release|x64.Build.0 = Release|Any CPU
		{ECABC86F-CAD6-4BB4-A3CC-19A0F6DA0302}.Release|x86.ActiveCfg = Release|Any CPU
		{ECABC86F-CAD6-4BB4-A3CC-19A0F6DA0302}.Release|x86.Build.0 = Release|Any CPU
		{362B85FF-603D-4DAA-AAA6-5564C9C2478F}.Debug|Any CPU.ActiveCfg = Debug|Any CPU
		{362B85FF-603D-4DAA-AAA6-5564C9C2478F}.Debug|Any CPU.Build.0 = Debug|Any CPU
		{362B85FF-603D-4DAA-AAA6-5564C9C2478F}.Debug|x64.ActiveCfg = Debug|Any CPU
		{362B85FF-603D-4DAA-AAA6-5564C9C2478F}.Debug|x64.Build.0 = Debug|Any CPU
		{362B85FF-603D-4DAA-AAA6-5564C9C2478F}.Debug|x86.ActiveCfg = Debug|Any CPU
		{362B85FF-603D-4DAA-AAA6-5564C9C2478F}.Debug|x86.Build.0 = Debug|Any CPU
		{362B85FF-603D-4DAA-AAA6-5564C9C2478F}.Release|Any CPU.ActiveCfg = Release|Any CPU
		{362B85FF-603D-4DAA-AAA6-5564C9C2478F}.Release|Any CPU.Build.0 = Release|Any CPU
		{362B85FF-603D-4DAA-AAA6-5564C9C2478F}.Release|x64.ActiveCfg = Release|Any CPU
		{362B85FF-603D-4DAA-AAA6-5564C9C2478F}.Release|x64.Build.0 = Release|Any CPU
		{362B85FF-603D-4DAA-AAA6-5564C9C2478F}.Release|x86.ActiveCfg = Release|Any CPU
		{362B85FF-603D-4DAA-AAA6-5564C9C2478F}.Release|x86.Build.0 = Release|Any CPU
		{70AFB23D-553A-4861-BBDF-9C5C3EE4C918}.Debug|Any CPU.ActiveCfg = Debug|Any CPU
		{70AFB23D-553A-4861-BBDF-9C5C3EE4C918}.Debug|Any CPU.Build.0 = Debug|Any CPU
		{70AFB23D-553A-4861-BBDF-9C5C3EE4C918}.Debug|x64.ActiveCfg = Debug|Any CPU
		{70AFB23D-553A-4861-BBDF-9C5C3EE4C918}.Debug|x64.Build.0 = Debug|Any CPU
		{70AFB23D-553A-4861-BBDF-9C5C3EE4C918}.Debug|x86.ActiveCfg = Debug|Any CPU
		{70AFB23D-553A-4861-BBDF-9C5C3EE4C918}.Debug|x86.Build.0 = Debug|Any CPU
		{70AFB23D-553A-4861-BBDF-9C5C3EE4C918}.Release|Any CPU.ActiveCfg = Release|Any CPU
		{70AFB23D-553A-4861-BBDF-9C5C3EE4C918}.Release|Any CPU.Build.0 = Release|Any CPU
		{70AFB23D-553A-4861-BBDF-9C5C3EE4C918}.Release|x64.ActiveCfg = Release|Any CPU
		{70AFB23D-553A-4861-BBDF-9C5C3EE4C918}.Release|x64.Build.0 = Release|Any CPU
		{70AFB23D-553A-4861-BBDF-9C5C3EE4C918}.Release|x86.ActiveCfg = Release|Any CPU
		{70AFB23D-553A-4861-BBDF-9C5C3EE4C918}.Release|x86.Build.0 = Release|Any CPU
		{62F4258B-5AE8-4309-AADF-D6ACF3C381A6}.Debug|Any CPU.ActiveCfg = Debug|Any CPU
		{62F4258B-5AE8-4309-AADF-D6ACF3C381A6}.Debug|Any CPU.Build.0 = Debug|Any CPU
		{62F4258B-5AE8-4309-AADF-D6ACF3C381A6}.Debug|x64.ActiveCfg = Debug|Any CPU
		{62F4258B-5AE8-4309-AADF-D6ACF3C381A6}.Debug|x64.Build.0 = Debug|Any CPU
		{62F4258B-5AE8-4309-AADF-D6ACF3C381A6}.Debug|x86.ActiveCfg = Debug|Any CPU
		{62F4258B-5AE8-4309-AADF-D6ACF3C381A6}.Debug|x86.Build.0 = Debug|Any CPU
		{62F4258B-5AE8-4309-AADF-D6ACF3C381A6}.Release|Any CPU.ActiveCfg = Release|Any CPU
		{62F4258B-5AE8-4309-AADF-D6ACF3C381A6}.Release|Any CPU.Build.0 = Release|Any CPU
		{62F4258B-5AE8-4309-AADF-D6ACF3C381A6}.Release|x64.ActiveCfg = Release|Any CPU
		{62F4258B-5AE8-4309-AADF-D6ACF3C381A6}.Release|x64.Build.0 = Release|Any CPU
		{62F4258B-5AE8-4309-AADF-D6ACF3C381A6}.Release|x86.ActiveCfg = Release|Any CPU
		{62F4258B-5AE8-4309-AADF-D6ACF3C381A6}.Release|x86.Build.0 = Release|Any CPU
		{AB8A043A-33FC-4D99-AB58-D0F16A66895A}.Debug|Any CPU.ActiveCfg = Debug|Any CPU
		{AB8A043A-33FC-4D99-AB58-D0F16A66895A}.Debug|Any CPU.Build.0 = Debug|Any CPU
		{AB8A043A-33FC-4D99-AB58-D0F16A66895A}.Debug|x64.ActiveCfg = Debug|Any CPU
		{AB8A043A-33FC-4D99-AB58-D0F16A66895A}.Debug|x64.Build.0 = Debug|Any CPU
		{AB8A043A-33FC-4D99-AB58-D0F16A66895A}.Debug|x86.ActiveCfg = Debug|Any CPU
		{AB8A043A-33FC-4D99-AB58-D0F16A66895A}.Debug|x86.Build.0 = Debug|Any CPU
		{AB8A043A-33FC-4D99-AB58-D0F16A66895A}.Release|Any CPU.ActiveCfg = Release|Any CPU
		{AB8A043A-33FC-4D99-AB58-D0F16A66895A}.Release|Any CPU.Build.0 = Release|Any CPU
		{AB8A043A-33FC-4D99-AB58-D0F16A66895A}.Release|x64.ActiveCfg = Release|Any CPU
		{AB8A043A-33FC-4D99-AB58-D0F16A66895A}.Release|x64.Build.0 = Release|Any CPU
		{AB8A043A-33FC-4D99-AB58-D0F16A66895A}.Release|x86.ActiveCfg = Release|Any CPU
		{AB8A043A-33FC-4D99-AB58-D0F16A66895A}.Release|x86.Build.0 = Release|Any CPU
	EndGlobalSection
	GlobalSection(SolutionProperties) = preSolution
		HideSolutionNode = FALSE
	EndGlobalSection
EndGlobal
